// !$*UTF8*$!
{
	archiveVersion = 1;
	classes = {
	};
	objectVersion = 55;
	objects = {

/* Begin PBXBuildFile section */
		8A39678D284CF5D300D324E1 /* ContentDetailView.swift in Sources */ = {isa = PBXBuildFile; fileRef = 8A39678C284CF5D300D324E1 /* ContentDetailView.swift */; };
		8A994ECF284D554F0085333A /* RectangleCard.swift in Sources */ = {isa = PBXBuildFile; fileRef = 8A994ECE284D554F0085333A /* RectangleCard.swift */; };
		8AAB3879284D04800068CA44 /* AVKit.framework in Frameworks */ = {isa = PBXBuildFile; fileRef = 8AAB3878284D04800068CA44 /* AVKit.framework */; };
		8AAB387B284D05BE0068CA44 /* Constants.swift in Sources */ = {isa = PBXBuildFile; fileRef = 8AAB387A284D05BE0068CA44 /* Constants.swift */; };
		8AAB38B3284D14140068CA44 /* CodeTextView.swift in Sources */ = {isa = PBXBuildFile; fileRef = 8AAB38B2284D14140068CA44 /* CodeTextView.swift */; };
		8AE786B92842B26500BBF3FD /* LearningApp.swift in Sources */ = {isa = PBXBuildFile; fileRef = 8AE786B82842B26500BBF3FD /* LearningApp.swift */; };
		8AE786BB2842B26500BBF3FD /* HomeView.swift in Sources */ = {isa = PBXBuildFile; fileRef = 8AE786BA2842B26500BBF3FD /* HomeView.swift */; };
		8AE786BD2842B26800BBF3FD /* Assets.xcassets in Resources */ = {isa = PBXBuildFile; fileRef = 8AE786BC2842B26800BBF3FD /* Assets.xcassets */; };
		8AE786C02842B26800BBF3FD /* Preview Assets.xcassets in Resources */ = {isa = PBXBuildFile; fileRef = 8AE786BF2842B26800BBF3FD /* Preview Assets.xcassets */; };
		8AE786CC2842B30D00BBF3FD /* ContentModel.swift in Sources */ = {isa = PBXBuildFile; fileRef = 8AE786CB2842B30D00BBF3FD /* ContentModel.swift */; };
		8AE786CF2842B54E00BBF3FD /* data.json in Resources */ = {isa = PBXBuildFile; fileRef = 8AE786CD2842B54E00BBF3FD /* data.json */; };
		8AE786D02842B54E00BBF3FD /* style.html in Resources */ = {isa = PBXBuildFile; fileRef = 8AE786CE2842B54E00BBF3FD /* style.html */; };
		8AE786D22842B73600BBF3FD /* Models.swift in Sources */ = {isa = PBXBuildFile; fileRef = 8AE786D12842B73600BBF3FD /* Models.swift */; };
		8AE786D42842C49C00BBF3FD /* HomeViewRow.swift in Sources */ = {isa = PBXBuildFile; fileRef = 8AE786D32842C49C00BBF3FD /* HomeViewRow.swift */; };
		8AE786D62842C88600BBF3FD /* ContentView.swift in Sources */ = {isa = PBXBuildFile; fileRef = 8AE786D52842C88600BBF3FD /* ContentView.swift */; };
		8AE786D82842D02A00BBF3FD /* ContentViewRow.swift in Sources */ = {isa = PBXBuildFile; fileRef = 8AE786D72842D02A00BBF3FD /* ContentViewRow.swift */; };
/* End PBXBuildFile section */

/* Begin PBXFileReference section */
		8A39678C284CF5D300D324E1 /* ContentDetailView.swift */ = {isa = PBXFileReference; lastKnownFileType = sourcecode.swift; path = ContentDetailView.swift; sourceTree = "<group>"; };
		8A994ECE284D554F0085333A /* RectangleCard.swift */ = {isa = PBXFileReference; lastKnownFileType = sourcecode.swift; path = RectangleCard.swift; sourceTree = "<group>"; };
		8AAB3878284D04800068CA44 /* AVKit.framework */ = {isa = PBXFileReference; lastKnownFileType = wrapper.framework; name = AVKit.framework; path = System/Library/Frameworks/AVKit.framework; sourceTree = SDKROOT; };
		8AAB387A284D05BE0068CA44 /* Constants.swift */ = {isa = PBXFileReference; lastKnownFileType = sourcecode.swift; path = Constants.swift; sourceTree = "<group>"; };
		8AAB38B2284D14140068CA44 /* CodeTextView.swift */ = {isa = PBXFileReference; lastKnownFileType = sourcecode.swift; path = CodeTextView.swift; sourceTree = "<group>"; };
		8AE786B52842B26500BBF3FD /* LearningApp.app */ = {isa = PBXFileReference; explicitFileType = wrapper.application; includeInIndex = 0; path = LearningApp.app; sourceTree = BUILT_PRODUCTS_DIR; };
		8AE786B82842B26500BBF3FD /* LearningApp.swift */ = {isa = PBXFileReference; lastKnownFileType = sourcecode.swift; path = LearningApp.swift; sourceTree = "<group>"; };
		8AE786BA2842B26500BBF3FD /* HomeView.swift */ = {isa = PBXFileReference; lastKnownFileType = sourcecode.swift; path = HomeView.swift; sourceTree = "<group>"; };
		8AE786BC2842B26800BBF3FD /* Assets.xcassets */ = {isa = PBXFileReference; lastKnownFileType = folder.assetcatalog; path = Assets.xcassets; sourceTree = "<group>"; };
		8AE786BF2842B26800BBF3FD /* Preview Assets.xcassets */ = {isa = PBXFileReference; lastKnownFileType = folder.assetcatalog; path = "Preview Assets.xcassets"; sourceTree = "<group>"; };
		8AE786CB2842B30D00BBF3FD /* ContentModel.swift */ = {isa = PBXFileReference; lastKnownFileType = sourcecode.swift; path = ContentModel.swift; sourceTree = "<group>"; };
		8AE786CD2842B54E00BBF3FD /* data.json */ = {isa = PBXFileReference; fileEncoding = 4; lastKnownFileType = text.json; path = data.json; sourceTree = "<group>"; };
		8AE786CE2842B54E00BBF3FD /* style.html */ = {isa = PBXFileReference; fileEncoding = 4; lastKnownFileType = text.html; path = style.html; sourceTree = "<group>"; };
		8AE786D12842B73600BBF3FD /* Models.swift */ = {isa = PBXFileReference; lastKnownFileType = sourcecode.swift; path = Models.swift; sourceTree = "<group>"; };
		8AE786D32842C49C00BBF3FD /* HomeViewRow.swift */ = {isa = PBXFileReference; lastKnownFileType = sourcecode.swift; path = HomeViewRow.swift; sourceTree = "<group>"; };
		8AE786D52842C88600BBF3FD /* ContentView.swift */ = {isa = PBXFileReference; lastKnownFileType = sourcecode.swift; path = ContentView.swift; sourceTree = "<group>"; };
		8AE786D72842D02A00BBF3FD /* ContentViewRow.swift */ = {isa = PBXFileReference; lastKnownFileType = sourcecode.swift; path = ContentViewRow.swift; sourceTree = "<group>"; };
/* End PBXFileReference section */

/* Begin PBXFrameworksBuildPhase section */
		8AE786B22842B26500BBF3FD /* Frameworks */ = {
			isa = PBXFrameworksBuildPhase;
			buildActionMask = 2147483647;
			files = (
				8AAB3879284D04800068CA44 /* AVKit.framework in Frameworks */,
			);
			runOnlyForDeploymentPostprocessing = 0;
		};
/* End PBXFrameworksBuildPhase section */

/* Begin PBXGroup section */
		8AAB3877284D047F0068CA44 /* Frameworks */ = {
			isa = PBXGroup;
			children = (
				8AAB3878284D04800068CA44 /* AVKit.framework */,
			);
			name = Frameworks;
			sourceTree = "<group>";
		};
		8AE786AC2842B26500BBF3FD = {
			isa = PBXGroup;
			children = (
				8AE786B72842B26500BBF3FD /* LearningApp */,
				8AE786B62842B26500BBF3FD /* Products */,
				8AAB3877284D047F0068CA44 /* Frameworks */,
			);
			sourceTree = "<group>";
		};
		8AE786B62842B26500BBF3FD /* Products */ = {
			isa = PBXGroup;
			children = (
				8AE786B52842B26500BBF3FD /* LearningApp.app */,
			);
			name = Products;
			sourceTree = "<group>";
		};
		8AE786B72842B26500BBF3FD /* LearningApp */ = {
			isa = PBXGroup;
			children = (
				8AE786B82842B26500BBF3FD /* LearningApp.swift */,
				8AE786C62842B2BB00BBF3FD /* Views */,
				8AE786C72842B2C500BBF3FD /* ViewModels */,
				8AE786C82842B2CC00BBF3FD /* Models */,
				8AE786CA2842B2DB00BBF3FD /* Helpers */,
				8AE786C92842B2D200BBF3FD /* Resources */,
				8AE786BC2842B26800BBF3FD /* Assets.xcassets */,
				8AE786BE2842B26800BBF3FD /* Preview Content */,
			);
			path = LearningApp;
			sourceTree = "<group>";
		};
		8AE786BE2842B26800BBF3FD /* Preview Content */ = {
			isa = PBXGroup;
			children = (
				8AE786BF2842B26800BBF3FD /* Preview Assets.xcassets */,
			);
			path = "Preview Content";
			sourceTree = "<group>";
		};
		8AE786C62842B2BB00BBF3FD /* Views */ = {
			isa = PBXGroup;
			children = (
				8AE786BA2842B26500BBF3FD /* HomeView.swift */,
				8AE786D32842C49C00BBF3FD /* HomeViewRow.swift */,
				8AE786D52842C88600BBF3FD /* ContentView.swift */,
				8AE786D72842D02A00BBF3FD /* ContentViewRow.swift */,
				8A39678C284CF5D300D324E1 /* ContentDetailView.swift */,
				8AAB38B2284D14140068CA44 /* CodeTextView.swift */,
				8A994ECE284D554F0085333A /* RectangleCard.swift */,
			);
			path = Views;
			sourceTree = "<group>";
		};
		8AE786C72842B2C500BBF3FD /* ViewModels */ = {
			isa = PBXGroup;
			children = (
				8AE786CB2842B30D00BBF3FD /* ContentModel.swift */,
			);
			path = ViewModels;
			sourceTree = "<group>";
		};
		8AE786C82842B2CC00BBF3FD /* Models */ = {
			isa = PBXGroup;
			children = (
				8AE786D12842B73600BBF3FD /* Models.swift */,
			);
			path = Models;
			sourceTree = "<group>";
		};
		8AE786C92842B2D200BBF3FD /* Resources */ = {
			isa = PBXGroup;
			children = (
				8AE786CD2842B54E00BBF3FD /* data.json */,
				8AE786CE2842B54E00BBF3FD /* style.html */,
				8AAB387A284D05BE0068CA44 /* Constants.swift */,
			);
			path = Resources;
			sourceTree = "<group>";
		};
		8AE786CA2842B2DB00BBF3FD /* Helpers */ = {
			isa = PBXGroup;
			children = (
			);
			path = Helpers;
			sourceTree = "<group>";
		};
/* End PBXGroup section */

/* Begin PBXNativeTarget section */
		8AE786B42842B26500BBF3FD /* LearningApp */ = {
			isa = PBXNativeTarget;
			buildConfigurationList = 8AE786C32842B26800BBF3FD /* Build configuration list for PBXNativeTarget "LearningApp" */;
			buildPhases = (
				8AE786B12842B26500BBF3FD /* Sources */,
				8AE786B22842B26500BBF3FD /* Frameworks */,
				8AE786B32842B26500BBF3FD /* Resources */,
			);
			buildRules = (
			);
			dependencies = (
			);
			name = LearningApp;
			productName = LearningApp;
			productReference = 8AE786B52842B26500BBF3FD /* LearningApp.app */;
			productType = "com.apple.product-type.application";
		};
/* End PBXNativeTarget section */

/* Begin PBXProject section */
		8AE786AD2842B26500BBF3FD /* Project object */ = {
			isa = PBXProject;
			attributes = {
				BuildIndependentTargetsInParallel = 1;
				LastSwiftUpdateCheck = 1340;
				LastUpgradeCheck = 1340;
				TargetAttributes = {
					8AE786B42842B26500BBF3FD = {
						CreatedOnToolsVersion = 13.4;
					};
				};
			};
			buildConfigurationList = 8AE786B02842B26500BBF3FD /* Build configuration list for PBXProject "LearningApp" */;
			compatibilityVersion = "Xcode 13.0";
			developmentRegion = en;
			hasScannedForEncodings = 0;
			knownRegions = (
				en,
				Base,
			);
			mainGroup = 8AE786AC2842B26500BBF3FD;
			productRefGroup = 8AE786B62842B26500BBF3FD /* Products */;
			projectDirPath = "";
			projectRoot = "";
			targets = (
				8AE786B42842B26500BBF3FD /* LearningApp */,
			);
		};
/* End PBXProject section */

/* Begin PBXResourcesBuildPhase section */
		8AE786B32842B26500BBF3FD /* Resources */ = {
			isa = PBXResourcesBuildPhase;
			buildActionMask = 2147483647;
			files = (
				8AE786C02842B26800BBF3FD /* Preview Assets.xcassets in Resources */,
				8AE786CF2842B54E00BBF3FD /* data.json in Resources */,
				8AE786D02842B54E00BBF3FD /* style.html in Resources */,
				8AE786BD2842B26800BBF3FD /* Assets.xcassets in Resources */,
			);
			runOnlyForDeploymentPostprocessing = 0;
		};
/* End PBXResourcesBuildPhase section */

/* Begin PBXSourcesBuildPhase section */
		8AE786B12842B26500BBF3FD /* Sources */ = {
			isa = PBXSourcesBuildPhase;
			buildActionMask = 2147483647;
			files = (
				8AE786BB2842B26500BBF3FD /* HomeView.swift in Sources */,
				8AE786D42842C49C00BBF3FD /* HomeViewRow.swift in Sources */,
				8AE786D62842C88600BBF3FD /* ContentView.swift in Sources */,
				8A39678D284CF5D300D324E1 /* ContentDetailView.swift in Sources */,
				8AE786B92842B26500BBF3FD /* LearningApp.swift in Sources */,
				8AE786D82842D02A00BBF3FD /* ContentViewRow.swift in Sources */,
				8AAB38B3284D14140068CA44 /* CodeTextView.swift in Sources */,
				8AE786CC2842B30D00BBF3FD /* ContentModel.swift in Sources */,
				8AE786D22842B73600BBF3FD /* Models.swift in Sources */,
				8A994ECF284D554F0085333A /* RectangleCard.swift in Sources */,
				8AAB387B284D05BE0068CA44 /* Constants.swift in Sources */,
			);
			runOnlyForDeploymentPostprocessing = 0;
		};
/* End PBXSourcesBuildPhase section */

/* Begin XCBuildConfiguration section */
		8AE786C12842B26800BBF3FD /* Debug */ = {
			isa = XCBuildConfiguration;
			buildSettings = {
				ALWAYS_SEARCH_USER_PATHS = NO;
				CLANG_ANALYZER_NONNULL = YES;
				CLANG_ANALYZER_NUMBER_OBJECT_CONVERSION = YES_AGGRESSIVE;
				CLANG_CXX_LANGUAGE_STANDARD = "gnu++17";
				CLANG_ENABLE_MODULES = YES;
				CLANG_ENABLE_OBJC_ARC = YES;
				CLANG_ENABLE_OBJC_WEAK = YES;
				CLANG_WARN_BLOCK_CAPTURE_AUTORELEASING = YES;
				CLANG_WARN_BOOL_CONVERSION = YES;
				CLANG_WARN_COMMA = YES;
				CLANG_WARN_CONSTANT_CONVERSION = YES;
				CLANG_WARN_DEPRECATED_OBJC_IMPLEMENTATIONS = YES;
				CLANG_WARN_DIRECT_OBJC_ISA_USAGE = YES_ERROR;
				CLANG_WARN_DOCUMENTATION_COMMENTS = YES;
				CLANG_WARN_EMPTY_BODY = YES;
				CLANG_WARN_ENUM_CONVERSION = YES;
				CLANG_WARN_INFINITE_RECURSION = YES;
				CLANG_WARN_INT_CONVERSION = YES;
				CLANG_WARN_NON_LITERAL_NULL_CONVERSION = YES;
				CLANG_WARN_OBJC_IMPLICIT_RETAIN_SELF = YES;
				CLANG_WARN_OBJC_LITERAL_CONVERSION = YES;
				CLANG_WARN_OBJC_ROOT_CLASS = YES_ERROR;
				CLANG_WARN_QUOTED_INCLUDE_IN_FRAMEWORK_HEADER = YES;
				CLANG_WARN_RANGE_LOOP_ANALYSIS = YES;
				CLANG_WARN_STRICT_PROTOTYPES = YES;
				CLANG_WARN_SUSPICIOUS_MOVE = YES;
				CLANG_WARN_UNGUARDED_AVAILABILITY = YES_AGGRESSIVE;
				CLANG_WARN_UNREACHABLE_CODE = YES;
				CLANG_WARN__DUPLICATE_METHOD_MATCH = YES;
				COPY_PHASE_STRIP = NO;
				DEBUG_INFORMATION_FORMAT = dwarf;
				ENABLE_STRICT_OBJC_MSGSEND = YES;
				ENABLE_TESTABILITY = YES;
				GCC_C_LANGUAGE_STANDARD = gnu11;
				GCC_DYNAMIC_NO_PIC = NO;
				GCC_NO_COMMON_BLOCKS = YES;
				GCC_OPTIMIZATION_LEVEL = 0;
				GCC_PREPROCESSOR_DEFINITIONS = (
					"DEBUG=1",
					"$(inherited)",
				);
				GCC_WARN_64_TO_32_BIT_CONVERSION = YES;
				GCC_WARN_ABOUT_RETURN_TYPE = YES_ERROR;
				GCC_WARN_UNDECLARED_SELECTOR = YES;
				GCC_WARN_UNINITIALIZED_AUTOS = YES_AGGRESSIVE;
				GCC_WARN_UNUSED_FUNCTION = YES;
				GCC_WARN_UNUSED_VARIABLE = YES;
				IPHONEOS_DEPLOYMENT_TARGET = 15.5;
				MTL_ENABLE_DEBUG_INFO = INCLUDE_SOURCE;
				MTL_FAST_MATH = YES;
				ONLY_ACTIVE_ARCH = YES;
				SDKROOT = iphoneos;
				SWIFT_ACTIVE_COMPILATION_CONDITIONS = DEBUG;
				SWIFT_OPTIMIZATION_LEVEL = "-Onone";
			};
			name = Debug;
		};
		8AE786C22842B26800BBF3FD /* Release */ = {
			isa = XCBuildConfiguration;
			buildSettings = {
				ALWAYS_SEARCH_USER_PATHS = NO;
				CLANG_ANALYZER_NONNULL = YES;
				CLANG_ANALYZER_NUMBER_OBJECT_CONVERSION = YES_AGGRESSIVE;
				CLANG_CXX_LANGUAGE_STANDARD = "gnu++17";
				CLANG_ENABLE_MODULES = YES;
				CLANG_ENABLE_OBJC_ARC = YES;
				CLANG_ENABLE_OBJC_WEAK = YES;
				CLANG_WARN_BLOCK_CAPTURE_AUTORELEASING = YES;
				CLANG_WARN_BOOL_CONVERSION = YES;
				CLANG_WARN_COMMA = YES;
				CLANG_WARN_CONSTANT_CONVERSION = YES;
				CLANG_WARN_DEPRECATED_OBJC_IMPLEMENTATIONS = YES;
				CLANG_WARN_DIRECT_OBJC_ISA_USAGE = YES_ERROR;
				CLANG_WARN_DOCUMENTATION_COMMENTS = YES;
				CLANG_WARN_EMPTY_BODY = YES;
				CLANG_WARN_ENUM_CONVERSION = YES;
				CLANG_WARN_INFINITE_RECURSION = YES;
				CLANG_WARN_INT_CONVERSION = YES;
				CLANG_WARN_NON_LITERAL_NULL_CONVERSION = YES;
				CLANG_WARN_OBJC_IMPLICIT_RETAIN_SELF = YES;
				CLANG_WARN_OBJC_LITERAL_CONVERSION = YES;
				CLANG_WARN_OBJC_ROOT_CLASS = YES_ERROR;
				CLANG_WARN_QUOTED_INCLUDE_IN_FRAMEWORK_HEADER = YES;
				CLANG_WARN_RANGE_LOOP_ANALYSIS = YES;
				CLANG_WARN_STRICT_PROTOTYPES = YES;
				CLANG_WARN_SUSPICIOUS_MOVE = YES;
				CLANG_WARN_UNGUARDED_AVAILABILITY = YES_AGGRESSIVE;
				CLANG_WARN_UNREACHABLE_CODE = YES;
				CLANG_WARN__DUPLICATE_METHOD_MATCH = YES;
				COPY_PHASE_STRIP = NO;
				DEBUG_INFORMATION_FORMAT = "dwarf-with-dsym";
				ENABLE_NS_ASSERTIONS = NO;
				ENABLE_STRICT_OBJC_MSGSEND = YES;
				GCC_C_LANGUAGE_STANDARD = gnu11;
				GCC_NO_COMMON_BLOCKS = YES;
				GCC_WARN_64_TO_32_BIT_CONVERSION = YES;
				GCC_WARN_ABOUT_RETURN_TYPE = YES_ERROR;
				GCC_WARN_UNDECLARED_SELECTOR = YES;
				GCC_WARN_UNINITIALIZED_AUTOS = YES_AGGRESSIVE;
				GCC_WARN_UNUSED_FUNCTION = YES;
				GCC_WARN_UNUSED_VARIABLE = YES;
				IPHONEOS_DEPLOYMENT_TARGET = 15.5;
				MTL_ENABLE_DEBUG_INFO = NO;
				MTL_FAST_MATH = YES;
				SDKROOT = iphoneos;
				SWIFT_COMPILATION_MODE = wholemodule;
				SWIFT_OPTIMIZATION_LEVEL = "-O";
				VALIDATE_PRODUCT = YES;
			};
			name = Release;
		};
		8AE786C42842B26800BBF3FD /* Debug */ = {
			isa = XCBuildConfiguration;
			buildSettings = {
				ASSETCATALOG_COMPILER_APPICON_NAME = AppIcon;
				ASSETCATALOG_COMPILER_GLOBAL_ACCENT_COLOR_NAME = AccentColor;
				CODE_SIGN_STYLE = Automatic;
				CURRENT_PROJECT_VERSION = 1;
				DEVELOPMENT_ASSET_PATHS = "\"LearningApp/Preview Content\"";
				DEVELOPMENT_TEAM = SLJ2XDWUW2;
				ENABLE_PREVIEWS = YES;
				GENERATE_INFOPLIST_FILE = YES;
				INFOPLIST_KEY_UIApplicationSceneManifest_Generation = YES;
				INFOPLIST_KEY_UIApplicationSupportsIndirectInputEvents = YES;
				INFOPLIST_KEY_UILaunchScreen_Generation = YES;
				INFOPLIST_KEY_UISupportedInterfaceOrientations_iPad = "UIInterfaceOrientationPortrait UIInterfaceOrientationPortraitUpsideDown UIInterfaceOrientationLandscapeLeft UIInterfaceOrientationLandscapeRight";
				INFOPLIST_KEY_UISupportedInterfaceOrientations_iPhone = "UIInterfaceOrientationPortrait UIInterfaceOrientationLandscapeLeft UIInterfaceOrientationLandscapeRight";
				LD_RUNPATH_SEARCH_PATHS = (
					"$(inherited)",
					"@executable_path/Frameworks",
				);
				MARKETING_VERSION = 1.0;
				PRODUCT_BUNDLE_IDENTIFIER = com.AlbertoMadueno.LearningApp;
				PRODUCT_NAME = "$(TARGET_NAME)";
				SWIFT_EMIT_LOC_STRINGS = YES;
				SWIFT_VERSION = 5.0;
				TARGETED_DEVICE_FAMILY = "1,2";
			};
			name = Debug;
		};
		8AE786C52842B26800BBF3FD /* Release */ = {
			isa = XCBuildConfiguration;
			buildSettings = {
				ASSETCATALOG_COMPILER_APPICON_NAME = AppIcon;
				ASSETCATALOG_COMPILER_GLOBAL_ACCENT_COLOR_NAME = AccentColor;
				CODE_SIGN_STYLE = Automatic;
				CURRENT_PROJECT_VERSION = 1;
				DEVELOPMENT_ASSET_PATHS = "\"LearningApp/Preview Content\"";
				DEVELOPMENT_TEAM = SLJ2XDWUW2;
				ENABLE_PREVIEWS = YES;
				GENERATE_INFOPLIST_FILE = YES;
				INFOPLIST_KEY_UIApplicationSceneManifest_Generation = YES;
				INFOPLIST_KEY_UIApplicationSupportsIndirectInputEvents = YES;
				INFOPLIST_KEY_UILaunchScreen_Generation = YES;
				INFOPLIST_KEY_UISupportedInterfaceOrientations_iPad = "UIInterfaceOrientationPortrait UIInterfaceOrientationPortraitUpsideDown UIInterfaceOrientationLandscapeLeft UIInterfaceOrientationLandscapeRight";
				INFOPLIST_KEY_UISupportedInterfaceOrientations_iPhone = "UIInterfaceOrientationPortrait UIInterfaceOrientationLandscapeLeft UIInterfaceOrientationLandscapeRight";
				LD_RUNPATH_SEARCH_PATHS = (
					"$(inherited)",
					"@executable_path/Frameworks",
				);
				MARKETING_VERSION = 1.0;
				PRODUCT_BUNDLE_IDENTIFIER = com.AlbertoMadueno.LearningApp;
				PRODUCT_NAME = "$(TARGET_NAME)";
				SWIFT_EMIT_LOC_STRINGS = YES;
				SWIFT_VERSION = 5.0;
				TARGETED_DEVICE_FAMILY = "1,2";
			};
			name = Release;
		};
/* End XCBuildConfiguration section */

/* Begin XCConfigurationList section */
		8AE786B02842B26500BBF3FD /* Build configuration list for PBXProject "LearningApp" */ = {
			isa = XCConfigurationList;
			buildConfigurations = (
				8AE786C12842B26800BBF3FD /* Debug */,
				8AE786C22842B26800BBF3FD /* Release */,
			);
			defaultConfigurationIsVisible = 0;
			defaultConfigurationName = Release;
		};
		8AE786C32842B26800BBF3FD /* Build configuration list for PBXNativeTarget "LearningApp" */ = {
			isa = XCConfigurationList;
			buildConfigurations = (
				8AE786C42842B26800BBF3FD /* Debug */,
				8AE786C52842B26800BBF3FD /* Release */,
			);
			defaultConfigurationIsVisible = 0;
			defaultConfigurationName = Release;
		};
/* End XCConfigurationList section */
	};
	rootObject = 8AE786AD2842B26500BBF3FD /* Project object */;
}
